
Microsoft Visual Studio Solution File, Format Version 12.00
# Visual Studio Version 18
VisualStudioVersion = 18.4.11626.88 stable
MinimumVisualStudioVersion = 10.0.40219.1
Project("{FAE04EC0-301F-11D3-BF4B-00C04F79EFBC}") = "PrimeAppBooks", "PrimeAppBooks.csproj", "{22ACF743-4B4C-460E-B6C7-BBE956E4C41C}"
EndProject
Project("{54435603-DBB4-11D2-8724-00A0C9A8B90C}") = "PrimeApp Books", "PrimeApp Books\PrimeApp Books\PrimeApp Books.vdproj", "{E5AB249A-9D67-297D-1DAD-7CAF7F60664F}"
EndProject
Global
	GlobalSection(SolutionConfigurationPlatforms) = preSolution
		Debug|Any CPU = Debug|Any CPU
		Debug|x64 = Debug|x64
		Release|Any CPU = Release|Any CPU
		Release|x64 = Release|x64
	EndGlobalSection
	GlobalSection(ProjectConfigurationPlatforms) = postSolution
		{22ACF743-4B4C-460E-B6C7-BBE956E4C41C}.Debug|Any CPU.ActiveCfg = Debug|Any CPU
		{22ACF743-4B4C-460E-B6C7-BBE956E4C41C}.Debug|Any CPU.Build.0 = Debug|Any CPU
		{22ACF743-4B4C-460E-B6C7-BBE956E4C41C}.Debug|x64.ActiveCfg = Debug|x64
		{22ACF743-4B4C-460E-B6C7-BBE956E4C41C}.Debug|x64.Build.0 = Debug|x64
		{22ACF743-4B4C-460E-B6C7-BBE956E4C41C}.Release|Any CPU.ActiveCfg = Release|Any CPU
		{22ACF743-4B4C-460E-B6C7-BBE956E4C41C}.Release|Any CPU.Build.0 = Release|Any CPU
		{22ACF743-4B4C-460E-B6C7-BBE956E4C41C}.Release|x64.ActiveCfg = Release|x64
		{22ACF743-4B4C-460E-B6C7-BBE956E4C41C}.Release|x64.Build.0 = Release|x64
		{E5AB249A-9D67-297D-1DAD-7CAF7F60664F}.Debug|Any CPU.ActiveCfg = Debug
		{E5AB249A-9D67-297D-1DAD-7CAF7F60664F}.Debug|x64.ActiveCfg = Debug
		{E5AB249A-9D67-297D-1DAD-7CAF7F60664F}.Release|Any CPU.ActiveCfg = Release
		{E5AB249A-9D67-297D-1DAD-7CAF7F60664F}.Release|x64.ActiveCfg = Release
	EndGlobalSection
	GlobalSection(SolutionProperties) = preSolution
		HideSolutionNode = FALSE
	EndGlobalSection
	GlobalSection(ExtensibilityGlobals) = postSolution
		SolutionGuid = {CD551AC4-0D23-4DE2-95A4-E7E12E5A47E3}
	EndGlobalSection
EndGlobal
